PODS:
  - CombineDitto (0.1.4):
    - DittoSwift (>= 1.0.9)
  - DittoObjC (1.0.9)
  - DittoSwift (1.0.9):
    - DittoObjC (= 1.0.9)
  - Fakery (5.1.0)

DEPENDENCIES:
  - CombineDitto (from `../`)
  - Fakery

SPEC REPOS:
  trunk:
    - DittoObjC
    - DittoSwift
    - Fakery

EXTERNAL SOURCES:
  CombineDitto:
    :path: "../"

SPEC CHECKSUMS:
  CombineDitto: e257ba5278efa6dce6b4849cc24590b87cc57481
  DittoObjC: ffcce1e27d6ffdebbf6222f7327d75c84efda7e3
  DittoSwift: 006f3ab413afbe56f4fa3bc11a9ed87b1e15fe38
  Fakery: a90caff00ca5cacde6c161c3eafc72314a03d34d

PODFILE CHECKSUM: ed1bd180059f4a2d3411ab83bbdfccc0b3aadf91

COCOAPODS: 1.11.2
